<?xml version="1.0" encoding="utf-8"?>
<Project ToolsVersion="4.0" xmlns="http://schemas.microsoft.com/developer/msbuild/2003">
  <ItemGroup>
    <Filter Include="win32">
      <UniqueIdentifier>{84a8ebd7-7cf0-47f6-b75e-d441df67da40}</UniqueIdentifier>
    </Filter>
    <Filter Include="Classes">
      <UniqueIdentifier>{bb6c862e-70e9-49d9-81b7-3829a6f50471}</UniqueIdentifier>
    </Filter>
    <Filter Include="resource">
      <UniqueIdentifier>{715254bc-d70b-4ec5-bf29-467dd3ace079}</UniqueIdentifier>
    </Filter>
    <Filter Include="resource\images">
      <UniqueIdentifier>{3097fa1e-dc12-41bb-bb4e-c11ec877872f}</UniqueIdentifier>
    </Filter>
    <Filter Include="resource\voices">
      <UniqueIdentifier>{3fc67340-6331-401a-bbfd-22459b1ff25a}</UniqueIdentifier>
    </Filter>
  </ItemGroup>
  <ItemGroup>
    <ClCompile Include="main.cpp">
      <Filter>win32</Filter>
    </ClCompile>
    <ClCompile Include="..\Classes\AppDelegate.cpp">
      <Filter>Classes</Filter>
    </ClCompile>
    <ClCompile Include="..\Classes\HelloWorldScene.cpp">
      <Filter>Classes</Filter>
    </ClCompile>
    <ClCompile Include="..\Classes\WelcomeScene.cpp">
      <Filter>Classes</Filter>
    </ClCompile>
    <ClCompile Include="..\Classes\WelcomeLayer.cpp">
      <Filter>Classes</Filter>
    </ClCompile>
    <ClCompile Include="..\Classes\SewerStartLayer.cpp">
      <Filter>Classes</Filter>
    </ClCompile>
    <ClCompile Include="..\Classes\SewerStartScene.cpp">
      <Filter>Classes</Filter>
    </ClCompile>
    <ClCompile Include="..\Classes\PhysicalSprite.cpp">
      <Filter>Classes</Filter>
    </ClCompile>
    <ClCompile Include="..\Classes\SteelBoxSprite.cpp">
      <Filter>Classes</Filter>
    </ClCompile>
    <ClCompile Include="..\Classes\ActionSprite.cpp">
      <Filter>Classes</Filter>
    </ClCompile>
    <ClCompile Include="..\Classes\HeroSprite.cpp">
      <Filter>Classes</Filter>
    </ClCompile>
    <ClCompile Include="..\Classes\LoadingLayer.cpp">
      <Filter>Classes</Filter>
    </ClCompile>
    <ClCompile Include="..\Classes\OptionLayer.cpp">
      <Filter>Classes</Filter>
    </ClCompile>
  </ItemGroup>
  <ItemGroup>
    <ClInclude Include="main.h">
      <Filter>win32</Filter>
    </ClInclude>
    <ClInclude Include="..\Classes\AppDelegate.h">
      <Filter>Classes</Filter>
    </ClInclude>
    <ClInclude Include="..\Classes\HelloWorldScene.h">
      <Filter>Classes</Filter>
    </ClInclude>
    <ClInclude Include="..\Classes\WelcomeScene.h">
      <Filter>Classes</Filter>
    </ClInclude>
    <ClInclude Include="..\Classes\WelcomeLayer.h">
      <Filter>Classes</Filter>
    </ClInclude>
    <ClInclude Include="..\Classes\SewerStartLayer.h">
      <Filter>Classes</Filter>
    </ClInclude>
    <ClInclude Include="..\Classes\SewerStartScene.h">
      <Filter>Classes</Filter>
    </ClInclude>
    <ClInclude Include="..\Classes\PhysicalSprite.h">
      <Filter>Classes</Filter>
    </ClInclude>
    <ClInclude Include="..\Classes\SteelBoxSprite.h">
      <Filter>Classes</Filter>
    </ClInclude>
    <ClInclude Include="..\Classes\Common.h">
      <Filter>Classes</Filter>
    </ClInclude>
    <ClInclude Include="..\Classes\ActionSprite.h">
      <Filter>Classes</Filter>
    </ClInclude>
    <ClInclude Include="..\Classes\HeroSprite.h">
      <Filter>Classes</Filter>
    </ClInclude>
    <ClInclude Include="..\Classes\LoadingLayer.h">
      <Filter>Classes</Filter>
    </ClInclude>
    <ClInclude Include="..\Classes\OptionLayer.h">
      <Filter>Classes</Filter>
    </ClInclude>
  </ItemGroup>
  <ItemGroup>
    <ResourceCompile Include="game.rc">
      <Filter>resource</Filter>
    </ResourceCompile>
  </ItemGroup>
  <ItemGroup>
    <None Include="..\Resources\images\lisa_rest1.plist">
      <Filter>resource\images</Filter>
    </None>
    <None Include="..\Resources\images\lisa_rest2.plist">
      <Filter>resource\images</Filter>
    </None>
    <None Include="..\Resources\images\lisa_rest3.plist">
      <Filter>resource\images</Filter>
    </None>
    <None Include="..\Resources\images\lisa_rest4.plist">
      <Filter>resource\images</Filter>
    </None>
  </ItemGroup>
  <ItemGroup>
    <Image Include="..\Resources\images\lisa_rest1.png">
      <Filter>resource\images</Filter>
    </Image>
    <Image Include="..\Resources\images\lisa_rest2.png">
      <Filter>resource\images</Filter>
    </Image>
    <Image Include="..\Resources\images\lisa_rest3.png">
      <Filter>resource\images</Filter>
    </Image>
    <Image Include="..\Resources\images\lisa_rest4.png">
      <Filter>resource\images</Filter>
    </Image>
  </ItemGroup>
  <ItemGroup>
    <Media Include="..\Resources\voices\00100.wav">
      <Filter>resource\voices</Filter>
    </Media>
    <Media Include="..\Resources\voices\00101.wav">
      <Filter>resource\voices</Filter>
    </Media>
    <Media Include="..\Resources\voices\00102.wav">
      <Filter>resource\voices</Filter>
    </Media>
    <Media Include="..\Resources\voices\00103.wav">
      <Filter>resource\voices</Filter>
    </Media>
    <Media Include="..\Resources\voices\00104.wav">
      <Filter>resource\voices</Filter>
    </Media>
  </ItemGroup>
</Project>